
Microsoft Visual Studio Solution File, Format Version 12.00
# Visual Studio Version 16
VisualStudioVersion = 16.0.29306.81
MinimumVisualStudioVersion = 10.0.40219.1
Project("{FAE04EC0-301F-11D3-BF4B-00C04F79EFBC}") = "ComputerGraphicsLab", "ComputerGraphicsLab\ComputerGraphicsLab.csproj", "{F77F72EF-B8BE-4FCE-B9D8-43DBDF4E1653}"
EndProject
Global
	GlobalSection(SolutionConfigurationPlatforms) = preSolution
		Debug|Any CPU = Debug|Any CPU
		Release|Any CPU = Release|Any CPU
	EndGlobalSection
	GlobalSection(ProjectConfigurationPlatforms) = postSolution
		{F77F72EF-B8BE-4FCE-B9D8-43DBDF4E1653}.Debug|Any CPU.ActiveCfg = Debug|Any CPU
		{F77F72EF-B8BE-4FCE-B9D8-43DBDF4E1653}.Debug|Any CPU.Build.0 = Debug|Any CPU
		{F77F72EF-B8BE-4FCE-B9D8-43DBDF4E1653}.Release|Any CPU.ActiveCfg = Release|Any CPU
		{F77F72EF-B8BE-4FCE-B9D8-43DBDF4E1653}.Release|Any CPU.Build.0 = Release|Any CPU
	EndGlobalSection
	GlobalSection(SolutionProperties) = preSolution
		HideSolutionNode = FALSE
	EndGlobalSection
	GlobalSection(ExtensibilityGlobals) = postSolution
		SolutionGuid = {E8FC1CE3-7501-424E-95B1-D232A33601AF}
	EndGlobalSection
EndGlobal
